
Microsoft Visual Studio Solution File, Format Version 12.00
# Visual Studio 14
VisualStudioVersion = 14.0.25420.1
MinimumVisualStudioVersion = 10.0.40219.1
Project("{FAE04EC0-301F-11D3-BF4B-00C04F79EFBC}") = "SampleBOT", "SampleBOT\SampleBOT.csproj", "{A8BA1066-5695-4D71-ABB4-65E5A5E0C3D4}"
EndProject
Project("{FAE04EC0-301F-11D3-BF4B-00C04F79EFBC}") = "CommandManager.BLL", "..\CommandManager.BLL\CommandManager.BLL.csproj", "{4830267B-20AC-426D-836F-68159ACB3843}"
EndProject
Project("{FAE04EC0-301F-11D3-BF4B-00C04F79EFBC}") = "FireEclectus.DAL", "..\FireEclectus.DAL\FireEclectus.DAL.csproj", "{79370CC9-2A2F-4EC1-A45A-7D0A2ED0A48F}"
EndProject
Global
	GlobalSection(SolutionConfigurationPlatforms) = preSolution
		Debug|Any CPU = Debug|Any CPU
		Release|Any CPU = Release|Any CPU
	EndGlobalSection
	GlobalSection(ProjectConfigurationPlatforms) = postSolution
		{A8BA1066-5695-4D71-ABB4-65E5A5E0C3D4}.Debug|Any CPU.ActiveCfg = Debug|Any CPU
		{A8BA1066-5695-4D71-ABB4-65E5A5E0C3D4}.Debug|Any CPU.Build.0 = Debug|Any CPU
		{A8BA1066-5695-4D71-ABB4-65E5A5E0C3D4}.Release|Any CPU.ActiveCfg = Release|Any CPU
		{A8BA1066-5695-4D71-ABB4-65E5A5E0C3D4}.Release|Any CPU.Build.0 = Release|Any CPU
		{4830267B-20AC-426D-836F-68159ACB3843}.Debug|Any CPU.ActiveCfg = Debug|Any CPU
		{4830267B-20AC-426D-836F-68159ACB3843}.Debug|Any CPU.Build.0 = Debug|Any CPU
		{4830267B-20AC-426D-836F-68159ACB3843}.Release|Any CPU.ActiveCfg = Release|Any CPU
		{4830267B-20AC-426D-836F-68159ACB3843}.Release|Any CPU.Build.0 = Release|Any CPU
		{79370CC9-2A2F-4EC1-A45A-7D0A2ED0A48F}.Debug|Any CPU.ActiveCfg = Debug|Any CPU
		{79370CC9-2A2F-4EC1-A45A-7D0A2ED0A48F}.Debug|Any CPU.Build.0 = Debug|Any CPU
		{79370CC9-2A2F-4EC1-A45A-7D0A2ED0A48F}.Release|Any CPU.ActiveCfg = Release|Any CPU
		{79370CC9-2A2F-4EC1-A45A-7D0A2ED0A48F}.Release|Any CPU.Build.0 = Release|Any CPU
	EndGlobalSection
	GlobalSection(SolutionProperties) = preSolution
		HideSolutionNode = FALSE
	EndGlobalSection
EndGlobal
